
Microsoft Visual Studio Solution File, Format Version 12.00
# Visual Studio Version 17
VisualStudioVersion = 17.7.34202.233
MinimumVisualStudioVersion = 10.0.40219.1
Project("{FAE04EC0-301F-11D3-BF4B-00C04F79EFBC}") = "API.Test.API", "API.Test.API\API.Test.API.csproj", "{08A76893-7050-4F68-85C8-7BD7306934A7}"
EndProject
Project("{FAE04EC0-301F-11D3-BF4B-00C04F79EFBC}") = "API.Test.Data", "API.Test.Data\API.Test.Data.csproj", "{5CCCADA8-9FA9-4F55-9029-04210B3E71B6}"
EndProject
Project("{FAE04EC0-301F-11D3-BF4B-00C04F79EFBC}") = "API.Test.Shared", "API.Test.Shared\API.Test.Shared.csproj", "{88379CA5-2904-40D6-9B8A-6306D34D895D}"
EndProject
Global
	GlobalSection(SolutionConfigurationPlatforms) = preSolution
		Debug|Any CPU = Debug|Any CPU
		Release|Any CPU = Release|Any CPU
	EndGlobalSection
	GlobalSection(ProjectConfigurationPlatforms) = postSolution
		{08A76893-7050-4F68-85C8-7BD7306934A7}.Debug|Any CPU.ActiveCfg = Debug|Any CPU
		{08A76893-7050-4F68-85C8-7BD7306934A7}.Debug|Any CPU.Build.0 = Debug|Any CPU
		{08A76893-7050-4F68-85C8-7BD7306934A7}.Release|Any CPU.ActiveCfg = Release|Any CPU
		{08A76893-7050-4F68-85C8-7BD7306934A7}.Release|Any CPU.Build.0 = Release|Any CPU
		{5CCCADA8-9FA9-4F55-9029-04210B3E71B6}.Debug|Any CPU.ActiveCfg = Debug|Any CPU
		{5CCCADA8-9FA9-4F55-9029-04210B3E71B6}.Debug|Any CPU.Build.0 = Debug|Any CPU
		{5CCCADA8-9FA9-4F55-9029-04210B3E71B6}.Release|Any CPU.ActiveCfg = Release|Any CPU
		{5CCCADA8-9FA9-4F55-9029-04210B3E71B6}.Release|Any CPU.Build.0 = Release|Any CPU
		{88379CA5-2904-40D6-9B8A-6306D34D895D}.Debug|Any CPU.ActiveCfg = Debug|Any CPU
		{88379CA5-2904-40D6-9B8A-6306D34D895D}.Debug|Any CPU.Build.0 = Debug|Any CPU
		{88379CA5-2904-40D6-9B8A-6306D34D895D}.Release|Any CPU.ActiveCfg = Release|Any CPU
		{88379CA5-2904-40D6-9B8A-6306D34D895D}.Release|Any CPU.Build.0 = Release|Any CPU
	EndGlobalSection
	GlobalSection(SolutionProperties) = preSolution
		HideSolutionNode = FALSE
	EndGlobalSection
	GlobalSection(ExtensibilityGlobals) = postSolution
		SolutionGuid = {92A9F462-4B93-447D-A463-6D294D19E79A}
	EndGlobalSection
EndGlobal
